
Microsoft Visual Studio Solution File, Format Version 12.00
# Visual Studio 15
Project("{FAE04EC0-301F-11D3-BF4B-00C04F79EFBC}") = "Assembly-CSharp", "Assembly-CSharp.csproj", "{4F05E063-08A1-9922-A533-C86DBC0A82B9}"
EndProject
Project("{FAE04EC0-301F-11D3-BF4B-00C04F79EFBC}") = "Assembly-CSharp-Editor", "Assembly-CSharp-Editor.csproj", "{CFC2AF7E-0D48-0650-82F0-42A4EF1380CC}"
EndProject
Global
	GlobalSection(SolutionConfigurationPlatforms) = preSolution
		Debug|Any CPU = Debug|Any CPU
		Release|Any CPU = Release|Any CPU
	EndGlobalSection
	GlobalSection(ProjectConfigurationPlatforms) = postSolution
		{4F05E063-08A1-9922-A533-C86DBC0A82B9}.Debug|Any CPU.ActiveCfg = Debug|Any CPU
		{4F05E063-08A1-9922-A533-C86DBC0A82B9}.Debug|Any CPU.Build.0 = Debug|Any CPU
		{4F05E063-08A1-9922-A533-C86DBC0A82B9}.Release|Any CPU.ActiveCfg = Release|Any CPU
		{4F05E063-08A1-9922-A533-C86DBC0A82B9}.Release|Any CPU.Build.0 = Release|Any CPU
		{CFC2AF7E-0D48-0650-82F0-42A4EF1380CC}.Debug|Any CPU.ActiveCfg = Debug|Any CPU
		{CFC2AF7E-0D48-0650-82F0-42A4EF1380CC}.Debug|Any CPU.Build.0 = Debug|Any CPU
		{CFC2AF7E-0D48-0650-82F0-42A4EF1380CC}.Release|Any CPU.ActiveCfg = Release|Any CPU
		{CFC2AF7E-0D48-0650-82F0-42A4EF1380CC}.Release|Any CPU.Build.0 = Release|Any CPU
	EndGlobalSection
	GlobalSection(SolutionProperties) = preSolution
		HideSolutionNode = FALSE
	EndGlobalSection
EndGlobal
